
Microsoft Visual Studio Solution File, Format Version 12.00
# Visual Studio Version 17
VisualStudioVersion = 17.5.2.0
MinimumVisualStudioVersion = 10.0.40219.1
Project("{FAE04EC0-301F-11D3-BF4B-00C04F79EFBC}") = "Database", "EFCoreAccess\Database.csproj", "{0756AE4F-645D-4AE8-90AA-7F90AC071012}"
EndProject
Project("{FAE04EC0-301F-11D3-BF4B-00C04F79EFBC}") = "Models", "Models\Models.csproj", "{3DABC3A0-E720-4D1F-9072-E034E0A3EC28}"
EndProject
Project("{FAE04EC0-301F-11D3-BF4B-00C04F79EFBC}") = "MainConsole", "MainConsole\MainConsole.csproj", "{24CC148F-92BD-443A-9A75-13628710449A}"
EndProject
Project("{FAE04EC0-301F-11D3-BF4B-00C04F79EFBC}") = "Utils", "Utils\Utils.csproj", "{11E56712-B78F-4A7E-B0F1-BCBEB9E418C9}"
EndProject
Global
	GlobalSection(SolutionConfigurationPlatforms) = preSolution
		Debug|Any CPU = Debug|Any CPU
		Release|Any CPU = Release|Any CPU
	EndGlobalSection
	GlobalSection(ProjectConfigurationPlatforms) = postSolution
		{CCAA931E-62A7-406C-6D89-B275D9435E71}.Debug|Any CPU.ActiveCfg = Debug|Any CPU
		{CCAA931E-62A7-406C-6D89-B275D9435E71}.Debug|Any CPU.Build.0 = Debug|Any CPU
		{CCAA931E-62A7-406C-6D89-B275D9435E71}.Release|Any CPU.ActiveCfg = Release|Any CPU
		{CCAA931E-62A7-406C-6D89-B275D9435E71}.Release|Any CPU.Build.0 = Release|Any CPU
		{0756AE4F-645D-4AE8-90AA-7F90AC071012}.Debug|Any CPU.ActiveCfg = Debug|Any CPU
		{0756AE4F-645D-4AE8-90AA-7F90AC071012}.Debug|Any CPU.Build.0 = Debug|Any CPU
		{0756AE4F-645D-4AE8-90AA-7F90AC071012}.Release|Any CPU.ActiveCfg = Release|Any CPU
		{0756AE4F-645D-4AE8-90AA-7F90AC071012}.Release|Any CPU.Build.0 = Release|Any CPU
		{3DABC3A0-E720-4D1F-9072-E034E0A3EC28}.Debug|Any CPU.ActiveCfg = Debug|Any CPU
		{3DABC3A0-E720-4D1F-9072-E034E0A3EC28}.Debug|Any CPU.Build.0 = Debug|Any CPU
		{3DABC3A0-E720-4D1F-9072-E034E0A3EC28}.Release|Any CPU.ActiveCfg = Release|Any CPU
		{3DABC3A0-E720-4D1F-9072-E034E0A3EC28}.Release|Any CPU.Build.0 = Release|Any CPU
		{24CC148F-92BD-443A-9A75-13628710449A}.Debug|Any CPU.ActiveCfg = Debug|Any CPU
		{24CC148F-92BD-443A-9A75-13628710449A}.Debug|Any CPU.Build.0 = Debug|Any CPU
		{24CC148F-92BD-443A-9A75-13628710449A}.Release|Any CPU.ActiveCfg = Release|Any CPU
		{24CC148F-92BD-443A-9A75-13628710449A}.Release|Any CPU.Build.0 = Release|Any CPU
		{11E56712-B78F-4A7E-B0F1-BCBEB9E418C9}.Debug|Any CPU.ActiveCfg = Debug|Any CPU
		{11E56712-B78F-4A7E-B0F1-BCBEB9E418C9}.Debug|Any CPU.Build.0 = Debug|Any CPU
		{11E56712-B78F-4A7E-B0F1-BCBEB9E418C9}.Release|Any CPU.ActiveCfg = Release|Any CPU
		{11E56712-B78F-4A7E-B0F1-BCBEB9E418C9}.Release|Any CPU.Build.0 = Release|Any CPU
	EndGlobalSection
	GlobalSection(SolutionProperties) = preSolution
		HideSolutionNode = FALSE
	EndGlobalSection
	GlobalSection(ExtensibilityGlobals) = postSolution
		SolutionGuid = {7353E475-944F-47CD-96D3-859120DABC3E}
	EndGlobalSection
EndGlobal
